
Microsoft Visual Studio Solution File, Format Version 12.00
# Visual Studio Version 17
VisualStudioVersion = 17.1.32319.34
MinimumVisualStudioVersion = 10.0.40219.1
Project("{9A19103F-16F7-4668-BE54-9A1E7A4F7556}") = "CurrencyConverter", "CurrencyConverter\CurrencyConverter.csproj", "{4E8A1AA7-2A93-44CF-870C-64D9E04BA013}"
EndProject
Project("{9A19103F-16F7-4668-BE54-9A1E7A4F7556}") = "CurrencyConverterUnitTests", "CurrencyConverterUnitTests\CurrencyConverterUnitTests.csproj", "{C3342BA2-D070-4D46-BD66-6138D2C01411}"
EndProject
Project("{2150E333-8FDC-42A3-9474-1A3956D46DE8}") = "backupcode", "backupcode", "{80CFED82-60BF-4A57-9382-996AA2DCF329}"
	ProjectSection(SolutionItems) = preProject
		CurrencyConverter\CurrencyRateProviders\CurrencyProviderFactory.cs = CurrencyConverter\CurrencyRateProviders\CurrencyProviderFactory.cs
	EndProjectSection
EndProject
Project("{2150E333-8FDC-42A3-9474-1A3956D46DE8}") = "Solution Items", "Solution Items", "{74ECFBB4-D356-4F78-9A0A-7E2CE8805110}"
	ProjectSection(SolutionItems) = preProject
		pipelines\publish-nuget.yaml = pipelines\publish-nuget.yaml
	EndProjectSection
EndProject
Global
	GlobalSection(SolutionConfigurationPlatforms) = preSolution
		Debug|Any CPU = Debug|Any CPU
		Release|Any CPU = Release|Any CPU
	EndGlobalSection
	GlobalSection(ProjectConfigurationPlatforms) = postSolution
		{4E8A1AA7-2A93-44CF-870C-64D9E04BA013}.Debug|Any CPU.ActiveCfg = Debug|Any CPU
		{4E8A1AA7-2A93-44CF-870C-64D9E04BA013}.Debug|Any CPU.Build.0 = Debug|Any CPU
		{4E8A1AA7-2A93-44CF-870C-64D9E04BA013}.Release|Any CPU.ActiveCfg = Release|Any CPU
		{4E8A1AA7-2A93-44CF-870C-64D9E04BA013}.Release|Any CPU.Build.0 = Release|Any CPU
		{C3342BA2-D070-4D46-BD66-6138D2C01411}.Debug|Any CPU.ActiveCfg = Debug|Any CPU
		{C3342BA2-D070-4D46-BD66-6138D2C01411}.Debug|Any CPU.Build.0 = Debug|Any CPU
		{C3342BA2-D070-4D46-BD66-6138D2C01411}.Release|Any CPU.ActiveCfg = Release|Any CPU
		{C3342BA2-D070-4D46-BD66-6138D2C01411}.Release|Any CPU.Build.0 = Release|Any CPU
	EndGlobalSection
	GlobalSection(SolutionProperties) = preSolution
		HideSolutionNode = FALSE
	EndGlobalSection
	GlobalSection(ExtensibilityGlobals) = postSolution
		SolutionGuid = {13D0D7FD-9D9C-40BC-8954-F3B72C390F65}
	EndGlobalSection
EndGlobal
